
Microsoft Visual Studio Solution File, Format Version 12.00
# Visual Studio Version 17
VisualStudioVersion = 17.4.33213.308
MinimumVisualStudioVersion = 10.0.40219.1
Project("{FAE04EC0-301F-11D3-BF4B-00C04F79EFBC}") = "StudyMate_ASP_React-v2", "StudyMate_ASP_React-v2.csproj", "{439B8869-E910-4F78-977B-4C77C32DAF95}"
EndProject
Global
	GlobalSection(SolutionConfigurationPlatforms) = preSolution
		Debug|Any CPU = Debug|Any CPU
		Release|Any CPU = Release|Any CPU
	EndGlobalSection
	GlobalSection(ProjectConfigurationPlatforms) = postSolution
		{439B8869-E910-4F78-977B-4C77C32DAF95}.Debug|Any CPU.ActiveCfg = Debug|Any CPU
		{439B8869-E910-4F78-977B-4C77C32DAF95}.Debug|Any CPU.Build.0 = Debug|Any CPU
		{439B8869-E910-4F78-977B-4C77C32DAF95}.Release|Any CPU.ActiveCfg = Release|Any CPU
		{439B8869-E910-4F78-977B-4C77C32DAF95}.Release|Any CPU.Build.0 = Release|Any CPU
	EndGlobalSection
	GlobalSection(SolutionProperties) = preSolution
		HideSolutionNode = FALSE
	EndGlobalSection
	GlobalSection(ExtensibilityGlobals) = postSolution
		SolutionGuid = {501AF89E-7A0A-4DCF-886F-B5C4BBE6B357}
	EndGlobalSection
EndGlobal
